Microsoft Visual Studio Solution File, Format Version 11.00
# Visual Studio 2008

Project("{C712473B-CFEA-D52E-91C0-96913A2F8737}") = "carnival-sdk-unity", "Assembly-CSharp-firstpass.csproj", "{50ED096A-2E88-4A5C-5E38-48D5DB246354}"
EndProject
Project("{C712473B-CFEA-D52E-91C0-96913A2F8737}") = "carnival-sdk-unity", "Assembly-CSharp.csproj", "{87E36026-B685-4EB3-741D-54F3659936FB}"
EndProject
Global
	GlobalSection(SolutionConfigurationPlatforms) = preSolution
		Debug|Any CPU = Debug|Any CPU
		Release|Any CPU = Release|Any CPU
	EndGlobalSection
	GlobalSection(ProjectConfigurationPlatforms) = postSolution
		{50ED096A-2E88-4A5C-5E38-48D5DB246354}.Debug|Any CPU.ActiveCfg = Debug|Any CPU
		{50ED096A-2E88-4A5C-5E38-48D5DB246354}.Debug|Any CPU.Build.0 = Debug|Any CPU
		{50ED096A-2E88-4A5C-5E38-48D5DB246354}.Release|Any CPU.ActiveCfg = Release|Any CPU
		{50ED096A-2E88-4A5C-5E38-48D5DB246354}.Release|Any CPU.Build.0 = Release|Any CPU
		{87E36026-B685-4EB3-741D-54F3659936FB}.Debug|Any CPU.ActiveCfg = Debug|Any CPU
		{87E36026-B685-4EB3-741D-54F3659936FB}.Debug|Any CPU.Build.0 = Debug|Any CPU
		{87E36026-B685-4EB3-741D-54F3659936FB}.Release|Any CPU.ActiveCfg = Release|Any CPU
		{87E36026-B685-4EB3-741D-54F3659936FB}.Release|Any CPU.Build.0 = Release|Any CPU
	EndGlobalSection
	GlobalSection(SolutionProperties) = preSolution
		HideSolutionNode = FALSE
	EndGlobalSection
		GlobalSection(MonoDevelopProperties) = preSolution
		StartupItem = Assembly-CSharp.csproj
		Policies = $0
		$0.TextStylePolicy = $1
		$1.inheritsSet = null
		$1.scope = text/x-csharp
		$0.CSharpFormattingPolicy = $2
		$2.inheritsSet = Mono
		$2.inheritsScope = text/x-csharp
		$2.scope = text/x-csharp
		$0.TextStylePolicy = $3
		$3.FileWidth = 120
		$3.TabWidth = 4
		$3.IndentWidth = 4
		$3.EolMarker = Unix
		$3.inheritsSet = Mono
		$3.inheritsScope = text/plain
		$3.scope = text/plain
	EndGlobalSection

EndGlobal
