{
  "originHash" : "fb75b2c0acc5c11282cd4b22739373accef73b42ce456ae696836c5219dbfb56",
  "pins" : [
    {
      "identity" : "ocmock",
      "kind" : "remoteSourceControl",
      "location" : "https://github.com/erikdoe/ocmock",
      "state" : {
        "revision" : "afd2c6924e8a36cb872bc475248b978f743c6050"
      }
    },
    {
      "identity" : "sailthru-mobile-ios-sdk",
      "kind" : "remoteSourceControl",
      "location" : "https://github.com/sailthru/sailthru-mobile-ios-sdk",
      "state" : {
        "revision" : "9103cb2098b51f88ff4050958954c9e1f7328cd7",
        "version" : "18.0.0"
      }
    }
  ],
  "version" : 3
}
