{
  "pins" : [
    {
      "identity" : "ocmock",
      "kind" : "remoteSourceControl",
      "location" : "https://github.com/erikdoe/ocmock",
      "state" : {
        "revision" : "afd2c6924e8a36cb872bc475248b978f743c6050"
      }
    },
    {
      "identity" : "sailthru-mobile-ios-sdk",
      "kind" : "remoteSourceControl",
      "location" : "https://github.com/sailthru/sailthru-mobile-ios-sdk",
      "state" : {
        "revision" : "2e71269a5ce5c75009f2002873af5fa31bd10ce4",
        "version" : "15.1.0"
      }
    }
  ],
  "version" : 2
}
